
Microsoft Visual Studio Solution File, Format Version 12.00
# Visual Studio Version 17
VisualStudioVersion = 17.14.36109.1 d17.14
MinimumVisualStudioVersion = 10.0.40219.1
Project("{FAE04EC0-301F-11D3-BF4B-00C04F79EFBC}") = "SagaPattern.OrderService", "SagaPattern.OrderService\SagaPattern.OrderService.csproj", "{3918C28B-CE71-53D5-BACC-5FEC6E48618E}"
EndProject
Project("{FAE04EC0-301F-11D3-BF4B-00C04F79EFBC}") = "SagaPattern.AppHost", "SagaPattern.AppHost\SagaPattern.AppHost.csproj", "{E9331557-D7B6-4CDF-9FE8-E59119E6A580}"
EndProject
Project("{FAE04EC0-301F-11D3-BF4B-00C04F79EFBC}") = "SagaPattern.ServiceDefaults", "SagaPattern.ServiceDefaults\SagaPattern.ServiceDefaults.csproj", "{C5378898-40E7-97BC-F75F-37A1BEF80E3B}"
EndProject
Global
	GlobalSection(SolutionConfigurationPlatforms) = preSolution
		Debug|Any CPU = Debug|Any CPU
		Release|Any CPU = Release|Any CPU
	EndGlobalSection
	GlobalSection(ProjectConfigurationPlatforms) = postSolution
		{3918C28B-CE71-53D5-BACC-5FEC6E48618E}.Debug|Any CPU.ActiveCfg = Debug|Any CPU
		{3918C28B-CE71-53D5-BACC-5FEC6E48618E}.Debug|Any CPU.Build.0 = Debug|Any CPU
		{3918C28B-CE71-53D5-BACC-5FEC6E48618E}.Release|Any CPU.ActiveCfg = Release|Any CPU
		{3918C28B-CE71-53D5-BACC-5FEC6E48618E}.Release|Any CPU.Build.0 = Release|Any CPU
		{E9331557-D7B6-4CDF-9FE8-E59119E6A580}.Debug|Any CPU.ActiveCfg = Debug|Any CPU
		{E9331557-D7B6-4CDF-9FE8-E59119E6A580}.Debug|Any CPU.Build.0 = Debug|Any CPU
		{E9331557-D7B6-4CDF-9FE8-E59119E6A580}.Release|Any CPU.ActiveCfg = Release|Any CPU
		{E9331557-D7B6-4CDF-9FE8-E59119E6A580}.Release|Any CPU.Build.0 = Release|Any CPU
		{C5378898-40E7-97BC-F75F-37A1BEF80E3B}.Debug|Any CPU.ActiveCfg = Debug|Any CPU
		{C5378898-40E7-97BC-F75F-37A1BEF80E3B}.Debug|Any CPU.Build.0 = Debug|Any CPU
		{C5378898-40E7-97BC-F75F-37A1BEF80E3B}.Release|Any CPU.ActiveCfg = Release|Any CPU
		{C5378898-40E7-97BC-F75F-37A1BEF80E3B}.Release|Any CPU.Build.0 = Release|Any CPU
	EndGlobalSection
	GlobalSection(SolutionProperties) = preSolution
		HideSolutionNode = FALSE
	EndGlobalSection
	GlobalSection(ExtensibilityGlobals) = postSolution
		SolutionGuid = {47C09995-E0DF-4BF2-8F71-796437346CC4}
	EndGlobalSection
EndGlobal
